
Microsoft Visual Studio Solution File, Format Version 12.00
# Visual Studio Version 17
VisualStudioVersion = 17.2.32616.157
MinimumVisualStudioVersion = 10.0.40219.1
Project("{FAE04EC0-301F-11D3-BF4B-00C04F79EFBC}") = "SignalRChat", "SignalRChat\SignalRChat.csproj", "{0ABBE26A-8049-447C-8F81-2B8755E6CC6C}"
EndProject
Global
	GlobalSection(SolutionConfigurationPlatforms) = preSolution
		Debug|Any CPU = Debug|Any CPU
		Release|Any CPU = Release|Any CPU
	EndGlobalSection
	GlobalSection(ProjectConfigurationPlatforms) = postSolution
		{0ABBE26A-8049-447C-8F81-2B8755E6CC6C}.Debug|Any CPU.ActiveCfg = Debug|Any CPU
		{0ABBE26A-8049-447C-8F81-2B8755E6CC6C}.Debug|Any CPU.Build.0 = Debug|Any CPU
		{0ABBE26A-8049-447C-8F81-2B8755E6CC6C}.Release|Any CPU.ActiveCfg = Release|Any CPU
		{0ABBE26A-8049-447C-8F81-2B8755E6CC6C}.Release|Any CPU.Build.0 = Release|Any CPU
	EndGlobalSection
	GlobalSection(SolutionProperties) = preSolution
		HideSolutionNode = FALSE
	EndGlobalSection
	GlobalSection(ExtensibilityGlobals) = postSolution
		SolutionGuid = {97DB9D63-4042-474F-A640-7DABAEBE5CC3}
	EndGlobalSection
EndGlobal
